
Microsoft Visual Studio Solution File, Format Version 12.00
# Visual Studio Version 17
VisualStudioVersion = 17.7.34221.43
MinimumVisualStudioVersion = 10.0.40219.1
Project("{FAE04EC0-301F-11D3-BF4B-00C04F79EFBC}") = "parametre", "parametre\parametre.csproj", "{E4811E8C-B026-4EFF-93F1-B1581069B93C}"
EndProject
Global
	GlobalSection(SolutionConfigurationPlatforms) = preSolution
		Debug|Any CPU = Debug|Any CPU
		Release|Any CPU = Release|Any CPU
	EndGlobalSection
	GlobalSection(ProjectConfigurationPlatforms) = postSolution
		{E4811E8C-B026-4EFF-93F1-B1581069B93C}.Debug|Any CPU.ActiveCfg = Debug|Any CPU
		{E4811E8C-B026-4EFF-93F1-B1581069B93C}.Debug|Any CPU.Build.0 = Debug|Any CPU
		{E4811E8C-B026-4EFF-93F1-B1581069B93C}.Release|Any CPU.ActiveCfg = Release|Any CPU
		{E4811E8C-B026-4EFF-93F1-B1581069B93C}.Release|Any CPU.Build.0 = Release|Any CPU
	EndGlobalSection
	GlobalSection(SolutionProperties) = preSolution
		HideSolutionNode = FALSE
	EndGlobalSection
	GlobalSection(ExtensibilityGlobals) = postSolution
		SolutionGuid = {049CBE2D-4F08-4706-BB65-3E5D8CB19334}
	EndGlobalSection
EndGlobal
